
Microsoft Visual Studio Solution File, Format Version 12.00
# Visual Studio Version 16
VisualStudioVersion = 16.0.29519.181
MinimumVisualStudioVersion = 10.0.40219.1
Project("{FAE04EC0-301F-11D3-BF4B-00C04F79EFBC}") = "GigHub", "GigHub\GigHub.csproj", "{486AE72E-2A38-4B99-AFAA-3C06225AA322}"
EndProject
Global
	GlobalSection(SolutionConfigurationPlatforms) = preSolution
		Debug|Any CPU = Debug|Any CPU
		Release|Any CPU = Release|Any CPU
	EndGlobalSection
	GlobalSection(ProjectConfigurationPlatforms) = postSolution
		{486AE72E-2A38-4B99-AFAA-3C06225AA322}.Debug|Any CPU.ActiveCfg = Debug|Any CPU
		{486AE72E-2A38-4B99-AFAA-3C06225AA322}.Debug|Any CPU.Build.0 = Debug|Any CPU
		{486AE72E-2A38-4B99-AFAA-3C06225AA322}.Release|Any CPU.ActiveCfg = Release|Any CPU
		{486AE72E-2A38-4B99-AFAA-3C06225AA322}.Release|Any CPU.Build.0 = Release|Any CPU
	EndGlobalSection
	GlobalSection(SolutionProperties) = preSolution
		HideSolutionNode = FALSE
	EndGlobalSection
	GlobalSection(ExtensibilityGlobals) = postSolution
		SolutionGuid = {408F49D6-35C1-418B-9951-4E179BF36580}
	EndGlobalSection
EndGlobal
